// !$*UTF8*$!
{
	archiveVersion = 1;
	classes = {
	};
	objectVersion = 48;
	objects = {

/* Begin PBXBuildFile section */
		53716C031FA814800007D11D /* PokedexViewController.swift in Sources */ = {isa = PBXBuildFile; fileRef = 53716C021FA814800007D11D /* PokedexViewController.swift */; };
		53D200C21FA7B876007EA3C1 /* AppDelegate.swift in Sources */ = {isa = PBXBuildFile; fileRef = 53D200C11FA7B876007EA3C1 /* AppDelegate.swift */; };
		53D200C41FA7B876007EA3C1 /* ViewController.swift in Sources */ = {isa = PBXBuildFile; fileRef = 53D200C31FA7B876007EA3C1 /* ViewController.swift */; };
		53D200C71FA7B876007EA3C1 /* Main.storyboard in Resources */ = {isa = PBXBuildFile; fileRef = 53D200C51FA7B876007EA3C1 /* Main.storyboard */; };
		53D200CA1FA7B876007EA3C1 /* PokemonsterGo.xcdatamodeld in Sources */ = {isa = PBXBuildFile; fileRef = 53D200C81FA7B876007EA3C1 /* PokemonsterGo.xcdatamodeld */; };
		53D200CC1FA7B876007EA3C1 /* Assets.xcassets in Resources */ = {isa = PBXBuildFile; fileRef = 53D200CB1FA7B876007EA3C1 /* Assets.xcassets */; };
		53D200CF1FA7B876007EA3C1 /* LaunchScreen.storyboard in Resources */ = {isa = PBXBuildFile; fileRef = 53D200CD1FA7B876007EA3C1 /* LaunchScreen.storyboard */; };
		53D200D91FA7D70F007EA3C1 /* CoreDataPokemonster.swift in Sources */ = {isa = PBXBuildFile; fileRef = 53D200D81FA7D70F007EA3C1 /* CoreDataPokemonster.swift */; };
		53D200DB1FA7E48B007EA3C1 /* PokemonsterAnotacao.swift in Sources */ = {isa = PBXBuildFile; fileRef = 53D200DA1FA7E48B007EA3C1 /* PokemonsterAnotacao.swift */; };
/* End PBXBuildFile section */

/* Begin PBXFileReference section */
		53716C021FA814800007D11D /* PokedexViewController.swift */ = {isa = PBXFileReference; lastKnownFileType = sourcecode.swift; path = PokedexViewController.swift; sourceTree = "<group>"; };
		53D200BE1FA7B876007EA3C1 /* PokemonsterGo.app */ = {isa = PBXFileReference; explicitFileType = wrapper.application; includeInIndex = 0; path = PokemonsterGo.app; sourceTree = BUILT_PRODUCTS_DIR; };
		53D200C11FA7B876007EA3C1 /* AppDelegate.swift */ = {isa = PBXFileReference; lastKnownFileType = sourcecode.swift; path = AppDelegate.swift; sourceTree = "<group>"; };
		53D200C31FA7B876007EA3C1 /* ViewController.swift */ = {isa = PBXFileReference; lastKnownFileType = sourcecode.swift; path = ViewController.swift; sourceTree = "<group>"; };
		53D200C61FA7B876007EA3C1 /* Base */ = {isa = PBXFileReference; lastKnownFileType = file.storyboard; name = Base; path = Base.lproj/Main.storyboard; sourceTree = "<group>"; };
		53D200C91FA7B876007EA3C1 /* PokemonsterGo.xcdatamodel */ = {isa = PBXFileReference; lastKnownFileType = wrapper.xcdatamodel; path = PokemonsterGo.xcdatamodel; sourceTree = "<group>"; };
		53D200CB1FA7B876007EA3C1 /* Assets.xcassets */ = {isa = PBXFileReference; lastKnownFileType = folder.assetcatalog; path = Assets.xcassets; sourceTree = "<group>"; };
		53D200CE1FA7B876007EA3C1 /* Base */ = {isa = PBXFileReference; lastKnownFileType = file.storyboard; name = Base; path = Base.lproj/LaunchScreen.storyboard; sourceTree = "<group>"; };
		53D200D01FA7B876007EA3C1 /* Info.plist */ = {isa = PBXFileReference; lastKnownFileType = text.plist.xml; path = Info.plist; sourceTree = "<group>"; };
		53D200D71FA7BD6F007EA3C1 /* MapKit.framework */ = {isa = PBXFileReference; lastKnownFileType = wrapper.framework; name = MapKit.framework; path = System/Library/Frameworks/MapKit.framework; sourceTree = SDKROOT; };
		53D200D81FA7D70F007EA3C1 /* CoreDataPokemonster.swift */ = {isa = PBXFileReference; lastKnownFileType = sourcecode.swift; path = CoreDataPokemonster.swift; sourceTree = "<group>"; };
		53D200DA1FA7E48B007EA3C1 /* PokemonsterAnotacao.swift */ = {isa = PBXFileReference; lastKnownFileType = sourcecode.swift; path = PokemonsterAnotacao.swift; sourceTree = "<group>"; };
/* End PBXFileReference section */

/* Begin PBXFrameworksBuildPhase section */
		53D200BB1FA7B876007EA3C1 /* Frameworks */ = {
			isa = PBXFrameworksBuildPhase;
			buildActionMask = 2147483647;
			files = (
			);
			runOnlyForDeploymentPostprocessing = 0;
		};
/* End PBXFrameworksBuildPhase section */

/* Begin PBXGroup section */
		53D200B51FA7B875007EA3C1 = {
			isa = PBXGroup;
			children = (
				53D200C01FA7B876007EA3C1 /* PokemonsterGo */,
				53D200BF1FA7B876007EA3C1 /* Products */,
				53D200D61FA7BD6E007EA3C1 /* Frameworks */,
			);
			sourceTree = "<group>";
		};
		53D200BF1FA7B876007EA3C1 /* Products */ = {
			isa = PBXGroup;
			children = (
				53D200BE1FA7B876007EA3C1 /* PokemonsterGo.app */,
			);
			name = Products;
			sourceTree = "<group>";
		};
		53D200C01FA7B876007EA3C1 /* PokemonsterGo */ = {
			isa = PBXGroup;
			children = (
				53D200C11FA7B876007EA3C1 /* AppDelegate.swift */,
				53D200D81FA7D70F007EA3C1 /* CoreDataPokemonster.swift */,
				53716C021FA814800007D11D /* PokedexViewController.swift */,
				53D200DA1FA7E48B007EA3C1 /* PokemonsterAnotacao.swift */,
				53D200C31FA7B876007EA3C1 /* ViewController.swift */,
				53D200C51FA7B876007EA3C1 /* Main.storyboard */,
				53D200CB1FA7B876007EA3C1 /* Assets.xcassets */,
				53D200CD1FA7B876007EA3C1 /* LaunchScreen.storyboard */,
				53D200D01FA7B876007EA3C1 /* Info.plist */,
				53D200C81FA7B876007EA3C1 /* PokemonsterGo.xcdatamodeld */,
			);
			path = PokemonsterGo;
			sourceTree = "<group>";
		};
		53D200D61FA7BD6E007EA3C1 /* Frameworks */ = {
			isa = PBXGroup;
			children = (
				53D200D71FA7BD6F007EA3C1 /* MapKit.framework */,
			);
			name = Frameworks;
			sourceTree = "<group>";
		};
/* End PBXGroup section */

/* Begin PBXNativeTarget section */
		53D200BD1FA7B876007EA3C1 /* PokemonsterGo */ = {
			isa = PBXNativeTarget;
			buildConfigurationList = 53D200D31FA7B876007EA3C1 /* Build configuration list for PBXNativeTarget "PokemonsterGo" */;
			buildPhases = (
				53D200BA1FA7B876007EA3C1 /* Sources */,
				53D200BB1FA7B876007EA3C1 /* Frameworks */,
				53D200BC1FA7B876007EA3C1 /* Resources */,
			);
			buildRules = (
			);
			dependencies = (
			);
			name = PokemonsterGo;
			productName = PokemonsterGo;
			productReference = 53D200BE1FA7B876007EA3C1 /* PokemonsterGo.app */;
			productType = "com.apple.product-type.application";
		};
/* End PBXNativeTarget section */

/* Begin PBXProject section */
		53D200B61FA7B876007EA3C1 /* Project object */ = {
			isa = PBXProject;
			attributes = {
				LastSwiftUpdateCheck = 0900;
				LastUpgradeCheck = 0900;
				ORGANIZATIONNAME = Rafael;
				TargetAttributes = {
					53D200BD1FA7B876007EA3C1 = {
						CreatedOnToolsVersion = 9.0.1;
						ProvisioningStyle = Automatic;
					};
				};
			};
			buildConfigurationList = 53D200B91FA7B876007EA3C1 /* Build configuration list for PBXProject "PokemonsterGo" */;
			compatibilityVersion = "Xcode 8.0";
			developmentRegion = en;
			hasScannedForEncodings = 0;
			knownRegions = (
				en,
				Base,
			);
			mainGroup = 53D200B51FA7B875007EA3C1;
			productRefGroup = 53D200BF1FA7B876007EA3C1 /* Products */;
			projectDirPath = "";
			projectRoot = "";
			targets = (
				53D200BD1FA7B876007EA3C1 /* PokemonsterGo */,
			);
		};
/* End PBXProject section */

/* Begin PBXResourcesBuildPhase section */
		53D200BC1FA7B876007EA3C1 /* Resources */ = {
			isa = PBXResourcesBuildPhase;
			buildActionMask = 2147483647;
			files = (
				53D200CF1FA7B876007EA3C1 /* LaunchScreen.storyboard in Resources */,
				53D200CC1FA7B876007EA3C1 /* Assets.xcassets in Resources */,
				53D200C71FA7B876007EA3C1 /* Main.storyboard in Resources */,
			);
			runOnlyForDeploymentPostprocessing = 0;
		};
/* End PBXResourcesBuildPhase section */

/* Begin PBXSourcesBuildPhase section */
		53D200BA1FA7B876007EA3C1 /* Sources */ = {
			isa = PBXSourcesBuildPhase;
			buildActionMask = 2147483647;
			files = (
				53D200DB1FA7E48B007EA3C1 /* PokemonsterAnotacao.swift in Sources */,
				53D200C41FA7B876007EA3C1 /* ViewController.swift in Sources */,
				53D200CA1FA7B876007EA3C1 /* PokemonsterGo.xcdatamodeld in Sources */,
				53716C031FA814800007D11D /* PokedexViewController.swift in Sources */,
				53D200D91FA7D70F007EA3C1 /* CoreDataPokemonster.swift in Sources */,
				53D200C21FA7B876007EA3C1 /* AppDelegate.swift in Sources */,
			);
			runOnlyForDeploymentPostprocessing = 0;
		};
/* End PBXSourcesBuildPhase section */

/* Begin PBXVariantGroup section */
		53D200C51FA7B876007EA3C1 /* Main.storyboard */ = {
			isa = PBXVariantGroup;
			children = (
				53D200C61FA7B876007EA3C1 /* Base */,
			);
			name = Main.storyboard;
			sourceTree = "<group>";
		};
		53D200CD1FA7B876007EA3C1 /* LaunchScreen.storyboard */ = {
			isa = PBXVariantGroup;
			children = (
				53D200CE1FA7B876007EA3C1 /* Base */,
			);
			name = LaunchScreen.storyboard;
			sourceTree = "<group>";
		};
/* End PBXVariantGroup section */

/* Begin XCBuildConfiguration section */
		53D200D11FA7B876007EA3C1 /* Debug */ = {
			isa = XCBuildConfiguration;
			buildSettings = {
				ALWAYS_SEARCH_USER_PATHS = NO;
				CLANG_ANALYZER_NONNULL = YES;
				CLANG_ANALYZER_NUMBER_OBJECT_CONVERSION = YES_AGGRESSIVE;
				CLANG_CXX_LANGUAGE_STANDARD = "gnu++14";
				CLANG_CXX_LIBRARY = "libc++";
				CLANG_ENABLE_MODULES = YES;
				CLANG_ENABLE_OBJC_ARC = YES;
				CLANG_WARN_BLOCK_CAPTURE_AUTORELEASING = YES;
				CLANG_WARN_BOOL_CONVERSION = YES;
				CLANG_WARN_COMMA = YES;
				CLANG_WARN_CONSTANT_CONVERSION = YES;
				CLANG_WARN_DIRECT_OBJC_ISA_USAGE = YES_ERROR;
				CLANG_WARN_DOCUMENTATION_COMMENTS = YES;
				CLANG_WARN_EMPTY_BODY = YES;
				CLANG_WARN_ENUM_CONVERSION = YES;
				CLANG_WARN_INFINITE_RECURSION = YES;
				CLANG_WARN_INT_CONVERSION = YES;
				CLANG_WARN_NON_LITERAL_NULL_CONVERSION = YES;
				CLANG_WARN_OBJC_LITERAL_CONVERSION = YES;
				CLANG_WARN_OBJC_ROOT_CLASS = YES_ERROR;
				CLANG_WARN_RANGE_LOOP_ANALYSIS = YES;
				CLANG_WARN_STRICT_PROTOTYPES = YES;
				CLANG_WARN_SUSPICIOUS_MOVE = YES;
				CLANG_WARN_UNGUARDED_AVAILABILITY = YES_AGGRESSIVE;
				CLANG_WARN_UNREACHABLE_CODE = YES;
				CLANG_WARN__DUPLICATE_METHOD_MATCH = YES;
				CODE_SIGN_IDENTITY = "iPhone Developer";
				COPY_PHASE_STRIP = NO;
				DEBUG_INFORMATION_FORMAT = dwarf;
				ENABLE_STRICT_OBJC_MSGSEND = YES;
				ENABLE_TESTABILITY = YES;
				GCC_C_LANGUAGE_STANDARD = gnu11;
				GCC_DYNAMIC_NO_PIC = NO;
				GCC_NO_COMMON_BLOCKS = YES;
				GCC_OPTIMIZATION_LEVEL = 0;
				GCC_PREPROCESSOR_DEFINITIONS = (
					"DEBUG=1",
					"$(inherited)",
				);
				GCC_WARN_64_TO_32_BIT_CONVERSION = YES;
				GCC_WARN_ABOUT_RETURN_TYPE = YES_ERROR;
				GCC_WARN_UNDECLARED_SELECTOR = YES;
				GCC_WARN_UNINITIALIZED_AUTOS = YES_AGGRESSIVE;
				GCC_WARN_UNUSED_FUNCTION = YES;
				GCC_WARN_UNUSED_VARIABLE = YES;
				IPHONEOS_DEPLOYMENT_TARGET = 11.0;
				MTL_ENABLE_DEBUG_INFO = YES;
				ONLY_ACTIVE_ARCH = YES;
				SDKROOT = iphoneos;
				SWIFT_ACTIVE_COMPILATION_CONDITIONS = DEBUG;
				SWIFT_OPTIMIZATION_LEVEL = "-Onone";
			};
			name = Debug;
		};
		53D200D21FA7B876007EA3C1 /* Release */ = {
			isa = XCBuildConfiguration;
			buildSettings = {
				ALWAYS_SEARCH_USER_PATHS = NO;
				CLANG_ANALYZER_NONNULL = YES;
				CLANG_ANALYZER_NUMBER_OBJECT_CONVERSION = YES_AGGRESSIVE;
				CLANG_CXX_LANGUAGE_STANDARD = "gnu++14";
				CLANG_CXX_LIBRARY = "libc++";
				CLANG_ENABLE_MODULES = YES;
				CLANG_ENABLE_OBJC_ARC = YES;
				CLANG_WARN_BLOCK_CAPTURE_AUTORELEASING = YES;
				CLANG_WARN_BOOL_CONVERSION = YES;
				CLANG_WARN_COMMA = YES;
				CLANG_WARN_CONSTANT_CONVERSION = YES;
				CLANG_WARN_DIRECT_OBJC_ISA_USAGE = YES_ERROR;
				CLANG_WARN_DOCUMENTATION_COMMENTS = YES;
				CLANG_WARN_EMPTY_BODY = YES;
				CLANG_WARN_ENUM_CONVERSION = YES;
				CLANG_WARN_INFINITE_RECURSION = YES;
				CLANG_WARN_INT_CONVERSION = YES;
				CLANG_WARN_NON_LITERAL_NULL_CONVERSION = YES;
				CLANG_WARN_OBJC_LITERAL_CONVERSION = YES;
				CLANG_WARN_OBJC_ROOT_CLASS = YES_ERROR;
				CLANG_WARN_RANGE_LOOP_ANALYSIS = YES;
				CLANG_WARN_STRICT_PROTOTYPES = YES;
				CLANG_WARN_SUSPICIOUS_MOVE = YES;
				CLANG_WARN_UNGUARDED_AVAILABILITY = YES_AGGRESSIVE;
				CLANG_WARN_UNREACHABLE_CODE = YES;
				CLANG_WARN__DUPLICATE_METHOD_MATCH = YES;
				CODE_SIGN_IDENTITY = "iPhone Developer";
				COPY_PHASE_STRIP = NO;
				DEBUG_INFORMATION_FORMAT = "dwarf-with-dsym";
				ENABLE_NS_ASSERTIONS = NO;
				ENABLE_STRICT_OBJC_MSGSEND = YES;
				GCC_C_LANGUAGE_STANDARD = gnu11;
				GCC_NO_COMMON_BLOCKS = YES;
				GCC_WARN_64_TO_32_BIT_CONVERSION = YES;
				GCC_WARN_ABOUT_RETURN_TYPE = YES_ERROR;
				GCC_WARN_UNDECLARED_SELECTOR = YES;
				GCC_WARN_UNINITIALIZED_AUTOS = YES_AGGRESSIVE;
				GCC_WARN_UNUSED_FUNCTION = YES;
				GCC_WARN_UNUSED_VARIABLE = YES;
				IPHONEOS_DEPLOYMENT_TARGET = 11.0;
				MTL_ENABLE_DEBUG_INFO = NO;
				SDKROOT = iphoneos;
				SWIFT_OPTIMIZATION_LEVEL = "-Owholemodule";
				VALIDATE_PRODUCT = YES;
			};
			name = Release;
		};
		53D200D41FA7B876007EA3C1 /* Debug */ = {
			isa = XCBuildConfiguration;
			buildSettings = {
				ASSETCATALOG_COMPILER_APPICON_NAME = AppIcon;
				CODE_SIGN_STYLE = Automatic;
				INFOPLIST_FILE = PokemonsterGo/Info.plist;
				LD_RUNPATH_SEARCH_PATHS = "$(inherited) @executable_path/Frameworks";
				PRODUCT_BUNDLE_IDENTIFIER = com.ios.PokemonsterGo;
				PRODUCT_NAME = "$(TARGET_NAME)";
				SWIFT_VERSION = 4.0;
				TARGETED_DEVICE_FAMILY = 1;
			};
			name = Debug;
		};
		53D200D51FA7B876007EA3C1 /* Release */ = {
			isa = XCBuildConfiguration;
			buildSettings = {
				ASSETCATALOG_COMPILER_APPICON_NAME = AppIcon;
				CODE_SIGN_STYLE = Automatic;
				INFOPLIST_FILE = PokemonsterGo/Info.plist;
				LD_RUNPATH_SEARCH_PATHS = "$(inherited) @executable_path/Frameworks";
				PRODUCT_BUNDLE_IDENTIFIER = com.ios.PokemonsterGo;
				PRODUCT_NAME = "$(TARGET_NAME)";
				SWIFT_VERSION = 4.0;
				TARGETED_DEVICE_FAMILY = 1;
			};
			name = Release;
		};
/* End XCBuildConfiguration section */

/* Begin XCConfigurationList section */
		53D200B91FA7B876007EA3C1 /* Build configuration list for PBXProject "PokemonsterGo" */ = {
			isa = XCConfigurationList;
			buildConfigurations = (
				53D200D11FA7B876007EA3C1 /* Debug */,
				53D200D21FA7B876007EA3C1 /* Release */,
			);
			defaultConfigurationIsVisible = 0;
			defaultConfigurationName = Release;
		};
		53D200D31FA7B876007EA3C1 /* Build configuration list for PBXNativeTarget "PokemonsterGo" */ = {
			isa = XCConfigurationList;
			buildConfigurations = (
				53D200D41FA7B876007EA3C1 /* Debug */,
				53D200D51FA7B876007EA3C1 /* Release */,
			);
			defaultConfigurationIsVisible = 0;
			defaultConfigurationName = Release;
		};
/* End XCConfigurationList section */

/* Begin XCVersionGroup section */
		53D200C81FA7B876007EA3C1 /* PokemonsterGo.xcdatamodeld */ = {
			isa = XCVersionGroup;
			children = (
				53D200C91FA7B876007EA3C1 /* PokemonsterGo.xcdatamodel */,
			);
			currentVersion = 53D200C91FA7B876007EA3C1 /* PokemonsterGo.xcdatamodel */;
			path = PokemonsterGo.xcdatamodeld;
			sourceTree = "<group>";
			versionGroupType = wrapper.xcdatamodel;
		};
/* End XCVersionGroup section */
	};
	rootObject = 53D200B61FA7B876007EA3C1 /* Project object */;
}
